// !$*UTF8*$!
{
	archiveVersion = 1;
	classes = {
	};
	objectVersion = 50;
	objects = {

/* Begin PBXBuildFile section */
		A6EF706E24ED2ADC00E373C4 /* AppDelegate.swift in Sources */ = {isa = PBXBuildFile; fileRef = A6EF706D24ED2ADC00E373C4 /* AppDelegate.swift */; };
		A6EF707024ED2ADC00E373C4 /* SceneDelegate.swift in Sources */ = {isa = PBXBuildFile; fileRef = A6EF706F24ED2ADC00E373C4 /* SceneDelegate.swift */; };
		A6EF707224ED2ADC00E373C4 /* TodoVC.swift in Sources */ = {isa = PBXBuildFile; fileRef = A6EF707124ED2ADC00E373C4 /* TodoVC.swift */; };
		A6EF707524ED2ADC00E373C4 /* Main.storyboard in Resources */ = {isa = PBXBuildFile; fileRef = A6EF707324ED2ADC00E373C4 /* Main.storyboard */; };
		A6EF707724ED2AE500E373C4 /* Assets.xcassets in Resources */ = {isa = PBXBuildFile; fileRef = A6EF707624ED2AE500E373C4 /* Assets.xcassets */; };
		A6EF707A24ED2AE500E373C4 /* LaunchScreen.storyboard in Resources */ = {isa = PBXBuildFile; fileRef = A6EF707824ED2AE500E373C4 /* LaunchScreen.storyboard */; };
		A6EF708524ED2FE400E373C4 /* TodoCell.swift in Sources */ = {isa = PBXBuildFile; fileRef = A6EF708424ED2FE400E373C4 /* TodoCell.swift */; };
/* End PBXBuildFile section */

/* Begin PBXFileReference section */
		A6EF706A24ED2ADC00E373C4 /* Todo.app */ = {isa = PBXFileReference; explicitFileType = wrapper.application; includeInIndex = 0; path = Todo.app; sourceTree = BUILT_PRODUCTS_DIR; };
		A6EF706D24ED2ADC00E373C4 /* AppDelegate.swift */ = {isa = PBXFileReference; lastKnownFileType = sourcecode.swift; path = AppDelegate.swift; sourceTree = "<group>"; };
		A6EF706F24ED2ADC00E373C4 /* SceneDelegate.swift */ = {isa = PBXFileReference; lastKnownFileType = sourcecode.swift; path = SceneDelegate.swift; sourceTree = "<group>"; };
		A6EF707124ED2ADC00E373C4 /* TodoVC.swift */ = {isa = PBXFileReference; lastKnownFileType = sourcecode.swift; path = TodoVC.swift; sourceTree = "<group>"; };
		A6EF707424ED2ADC00E373C4 /* Base */ = {isa = PBXFileReference; lastKnownFileType = file.storyboard; name = Base; path = Base.lproj/Main.storyboard; sourceTree = "<group>"; };
		A6EF707624ED2AE500E373C4 /* Assets.xcassets */ = {isa = PBXFileReference; lastKnownFileType = folder.assetcatalog; path = Assets.xcassets; sourceTree = "<group>"; };
		A6EF707924ED2AE500E373C4 /* Base */ = {isa = PBXFileReference; lastKnownFileType = file.storyboard; name = Base; path = Base.lproj/LaunchScreen.storyboard; sourceTree = "<group>"; };
		A6EF707B24ED2AE500E373C4 /* Info.plist */ = {isa = PBXFileReference; lastKnownFileType = text.plist.xml; path = Info.plist; sourceTree = "<group>"; };
		A6EF708424ED2FE400E373C4 /* TodoCell.swift */ = {isa = PBXFileReference; lastKnownFileType = sourcecode.swift; path = TodoCell.swift; sourceTree = "<group>"; };
/* End PBXFileReference section */

/* Begin PBXFrameworksBuildPhase section */
		A6EF706724ED2ADC00E373C4 /* Frameworks */ = {
			isa = PBXFrameworksBuildPhase;
			buildActionMask = 2147483647;
			files = (
			);
			runOnlyForDeploymentPostprocessing = 0;
		};
/* End PBXFrameworksBuildPhase section */

/* Begin PBXGroup section */
		A6EF706124ED2ADC00E373C4 = {
			isa = PBXGroup;
			children = (
				A6EF706C24ED2ADC00E373C4 /* Todo */,
				A6EF706B24ED2ADC00E373C4 /* Products */,
			);
			sourceTree = "<group>";
		};
		A6EF706B24ED2ADC00E373C4 /* Products */ = {
			isa = PBXGroup;
			children = (
				A6EF706A24ED2ADC00E373C4 /* Todo.app */,
			);
			name = Products;
			sourceTree = "<group>";
		};
		A6EF706C24ED2ADC00E373C4 /* Todo */ = {
			isa = PBXGroup;
			children = (
				A6EF708324ED2FA500E373C4 /* Model */,
				A6EF708224ED2F9E00E373C4 /* View */,
				A6EF708124ED2F9600E373C4 /* Controller */,
				A6EF706D24ED2ADC00E373C4 /* AppDelegate.swift */,
				A6EF706F24ED2ADC00E373C4 /* SceneDelegate.swift */,
				A6EF707324ED2ADC00E373C4 /* Main.storyboard */,
				A6EF707624ED2AE500E373C4 /* Assets.xcassets */,
				A6EF707824ED2AE500E373C4 /* LaunchScreen.storyboard */,
				A6EF707B24ED2AE500E373C4 /* Info.plist */,
			);
			path = Todo;
			sourceTree = "<group>";
		};
		A6EF708124ED2F9600E373C4 /* Controller */ = {
			isa = PBXGroup;
			children = (
				A6EF707124ED2ADC00E373C4 /* TodoVC.swift */,
			);
			path = Controller;
			sourceTree = "<group>";
		};
		A6EF708224ED2F9E00E373C4 /* View */ = {
			isa = PBXGroup;
			children = (
				A6EF708424ED2FE400E373C4 /* TodoCell.swift */,
			);
			path = View;
			sourceTree = "<group>";
		};
		A6EF708324ED2FA500E373C4 /* Model */ = {
			isa = PBXGroup;
			children = (
			);
			path = Model;
			sourceTree = "<group>";
		};
/* End PBXGroup section */

/* Begin PBXNativeTarget section */
		A6EF706924ED2ADC00E373C4 /* Todo */ = {
			isa = PBXNativeTarget;
			buildConfigurationList = A6EF707E24ED2AE500E373C4 /* Build configuration list for PBXNativeTarget "Todo" */;
			buildPhases = (
				A6EF706624ED2ADC00E373C4 /* Sources */,
				A6EF706724ED2ADC00E373C4 /* Frameworks */,
				A6EF706824ED2ADC00E373C4 /* Resources */,
			);
			buildRules = (
			);
			dependencies = (
			);
			name = Todo;
			productName = Todo;
			productReference = A6EF706A24ED2ADC00E373C4 /* Todo.app */;
			productType = "com.apple.product-type.application";
		};
/* End PBXNativeTarget section */

/* Begin PBXProject section */
		A6EF706224ED2ADC00E373C4 /* Project object */ = {
			isa = PBXProject;
			attributes = {
				LastSwiftUpdateCheck = 1130;
				LastUpgradeCheck = 1130;
				ORGANIZATIONNAME = "Hasan Qasim";
				TargetAttributes = {
					A6EF706924ED2ADC00E373C4 = {
						CreatedOnToolsVersion = 11.3.1;
					};
				};
			};
			buildConfigurationList = A6EF706524ED2ADC00E373C4 /* Build configuration list for PBXProject "Todo" */;
			compatibilityVersion = "Xcode 9.3";
			developmentRegion = en;
			hasScannedForEncodings = 0;
			knownRegions = (
				en,
				Base,
			);
			mainGroup = A6EF706124ED2ADC00E373C4;
			productRefGroup = A6EF706B24ED2ADC00E373C4 /* Products */;
			projectDirPath = "";
			projectRoot = "";
			targets = (
				A6EF706924ED2ADC00E373C4 /* Todo */,
			);
		};
/* End PBXProject section */

/* Begin PBXResourcesBuildPhase section */
		A6EF706824ED2ADC00E373C4 /* Resources */ = {
			isa = PBXResourcesBuildPhase;
			buildActionMask = 2147483647;
			files = (
				A6EF707A24ED2AE500E373C4 /* LaunchScreen.storyboard in Resources */,
				A6EF707724ED2AE500E373C4 /* Assets.xcassets in Resources */,
				A6EF707524ED2ADC00E373C4 /* Main.storyboard in Resources */,
			);
			runOnlyForDeploymentPostprocessing = 0;
		};
/* End PBXResourcesBuildPhase section */

/* Begin PBXSourcesBuildPhase section */
		A6EF706624ED2ADC00E373C4 /* Sources */ = {
			isa = PBXSourcesBuildPhase;
			buildActionMask = 2147483647;
			files = (
				A6EF707224ED2ADC00E373C4 /* TodoVC.swift in Sources */,
				A6EF706E24ED2ADC00E373C4 /* AppDelegate.swift in Sources */,
				A6EF707024ED2ADC00E373C4 /* SceneDelegate.swift in Sources */,
				A6EF708524ED2FE400E373C4 /* TodoCell.swift in Sources */,
			);
			runOnlyForDeploymentPostprocessing = 0;
		};
/* End PBXSourcesBuildPhase section */

/* Begin PBXVariantGroup section */
		A6EF707324ED2ADC00E373C4 /* Main.storyboard */ = {
			isa = PBXVariantGroup;
			children = (
				A6EF707424ED2ADC00E373C4 /* Base */,
			);
			name = Main.storyboard;
			sourceTree = "<group>";
		};
		A6EF707824ED2AE500E373C4 /* LaunchScreen.storyboard */ = {
			isa = PBXVariantGroup;
			children = (
				A6EF707924ED2AE500E373C4 /* Base */,
			);
			name = LaunchScreen.storyboard;
			sourceTree = "<group>";
		};
/* End PBXVariantGroup section */

/* Begin XCBuildConfiguration section */
		A6EF707C24ED2AE500E373C4 /* Debug */ = {
			isa = XCBuildConfiguration;
			buildSettings = {
				ALWAYS_SEARCH_USER_PATHS = NO;
				CLANG_ANALYZER_NONNULL = YES;
				CLANG_ANALYZER_NUMBER_OBJECT_CONVERSION = YES_AGGRESSIVE;
				CLANG_CXX_LANGUAGE_STANDARD = "gnu++14";
				CLANG_CXX_LIBRARY = "libc++";
				CLANG_ENABLE_MODULES = YES;
				CLANG_ENABLE_OBJC_ARC = YES;
				CLANG_ENABLE_OBJC_WEAK = YES;
				CLANG_WARN_BLOCK_CAPTURE_AUTORELEASING = YES;
				CLANG_WARN_BOOL_CONVERSION = YES;
				CLANG_WARN_COMMA = YES;
				CLANG_WARN_CONSTANT_CONVERSION = YES;
				CLANG_WARN_DEPRECATED_OBJC_IMPLEMENTATIONS = YES;
				CLANG_WARN_DIRECT_OBJC_ISA_USAGE = YES_ERROR;
				CLANG_WARN_DOCUMENTATION_COMMENTS = YES;
				CLANG_WARN_EMPTY_BODY = YES;
				CLANG_WARN_ENUM_CONVERSION = YES;
				CLANG_WARN_INFINITE_RECURSION = YES;
				CLANG_WARN_INT_CONVERSION = YES;
				CLANG_WARN_NON_LITERAL_NULL_CONVERSION = YES;
				CLANG_WARN_OBJC_IMPLICIT_RETAIN_SELF = YES;
				CLANG_WARN_OBJC_LITERAL_CONVERSION = YES;
				CLANG_WARN_OBJC_ROOT_CLASS = YES_ERROR;
				CLANG_WARN_RANGE_LOOP_ANALYSIS = YES;
				CLANG_WARN_STRICT_PROTOTYPES = YES;
				CLANG_WARN_SUSPICIOUS_MOVE = YES;
				CLANG_WARN_UNGUARDED_AVAILABILITY = YES_AGGRESSIVE;
				CLANG_WARN_UNREACHABLE_CODE = YES;
				CLANG_WARN__DUPLICATE_METHOD_MATCH = YES;
				COPY_PHASE_STRIP = NO;
				DEBUG_INFORMATION_FORMAT = dwarf;
				ENABLE_STRICT_OBJC_MSGSEND = YES;
				ENABLE_TESTABILITY = YES;
				GCC_C_LANGUAGE_STANDARD = gnu11;
				GCC_DYNAMIC_NO_PIC = NO;
				GCC_NO_COMMON_BLOCKS = YES;
				GCC_OPTIMIZATION_LEVEL = 0;
				GCC_PREPROCESSOR_DEFINITIONS = (
					"DEBUG=1",
					"$(inherited)",
				);
				GCC_WARN_64_TO_32_BIT_CONVERSION = YES;
				GCC_WARN_ABOUT_RETURN_TYPE = YES_ERROR;
				GCC_WARN_UNDECLARED_SELECTOR = YES;
				GCC_WARN_UNINITIALIZED_AUTOS = YES_AGGRESSIVE;
				GCC_WARN_UNUSED_FUNCTION = YES;
				GCC_WARN_UNUSED_VARIABLE = YES;
				IPHONEOS_DEPLOYMENT_TARGET = 13.2;
				MTL_ENABLE_DEBUG_INFO = INCLUDE_SOURCE;
				MTL_FAST_MATH = YES;
				ONLY_ACTIVE_ARCH = YES;
				SDKROOT = iphoneos;
				SWIFT_ACTIVE_COMPILATION_CONDITIONS = DEBUG;
				SWIFT_OPTIMIZATION_LEVEL = "-Onone";
			};
			name = Debug;
		};
		A6EF707D24ED2AE500E373C4 /* Release */ = {
			isa = XCBuildConfiguration;
			buildSettings = {
				ALWAYS_SEARCH_USER_PATHS = NO;
				CLANG_ANALYZER_NONNULL = YES;
				CLANG_ANALYZER_NUMBER_OBJECT_CONVERSION = YES_AGGRESSIVE;
				CLANG_CXX_LANGUAGE_STANDARD = "gnu++14";
				CLANG_CXX_LIBRARY = "libc++";
				CLANG_ENABLE_MODULES = YES;
				CLANG_ENABLE_OBJC_ARC = YES;
				CLANG_ENABLE_OBJC_WEAK = YES;
				CLANG_WARN_BLOCK_CAPTURE_AUTORELEASING = YES;
				CLANG_WARN_BOOL_CONVERSION = YES;
				CLANG_WARN_COMMA = YES;
				CLANG_WARN_CONSTANT_CONVERSION = YES;
				CLANG_WARN_DEPRECATED_OBJC_IMPLEMENTATIONS = YES;
				CLANG_WARN_DIRECT_OBJC_ISA_USAGE = YES_ERROR;
				CLANG_WARN_DOCUMENTATION_COMMENTS = YES;
				CLANG_WARN_EMPTY_BODY = YES;
				CLANG_WARN_ENUM_CONVERSION = YES;
				CLANG_WARN_INFINITE_RECURSION = YES;
				CLANG_WARN_INT_CONVERSION = YES;
				CLANG_WARN_NON_LITERAL_NULL_CONVERSION = YES;
				CLANG_WARN_OBJC_IMPLICIT_RETAIN_SELF = YES;
				CLANG_WARN_OBJC_LITERAL_CONVERSION = YES;
				CLANG_WARN_OBJC_ROOT_CLASS = YES_ERROR;
				CLANG_WARN_RANGE_LOOP_ANALYSIS = YES;
				CLANG_WARN_STRICT_PROTOTYPES = YES;
				CLANG_WARN_SUSPICIOUS_MOVE = YES;
				CLANG_WARN_UNGUARDED_AVAILABILITY = YES_AGGRESSIVE;
				CLANG_WARN_UNREACHABLE_CODE = YES;
				CLANG_WARN__DUPLICATE_METHOD_MATCH = YES;
				COPY_PHASE_STRIP = NO;
				DEBUG_INFORMATION_FORMAT = "dwarf-with-dsym";
				ENABLE_NS_ASSERTIONS = NO;
				ENABLE_STRICT_OBJC_MSGSEND = YES;
				GCC_C_LANGUAGE_STANDARD = gnu11;
				GCC_NO_COMMON_BLOCKS = YES;
				GCC_WARN_64_TO_32_BIT_CONVERSION = YES;
				GCC_WARN_ABOUT_RETURN_TYPE = YES_ERROR;
				GCC_WARN_UNDECLARED_SELECTOR = YES;
				GCC_WARN_UNINITIALIZED_AUTOS = YES_AGGRESSIVE;
				GCC_WARN_UNUSED_FUNCTION = YES;
				GCC_WARN_UNUSED_VARIABLE = YES;
				IPHONEOS_DEPLOYMENT_TARGET = 13.2;
				MTL_ENABLE_DEBUG_INFO = NO;
				MTL_FAST_MATH = YES;
				SDKROOT = iphoneos;
				SWIFT_COMPILATION_MODE = wholemodule;
				SWIFT_OPTIMIZATION_LEVEL = "-O";
				VALIDATE_PRODUCT = YES;
			};
			name = Release;
		};
		A6EF707F24ED2AE500E373C4 /* Debug */ = {
			isa = XCBuildConfiguration;
			buildSettings = {
				ASSETCATALOG_COMPILER_APPICON_NAME = AppIcon;
				CODE_SIGN_STYLE = Automatic;
				DEVELOPMENT_TEAM = 2B9H3895JF;
				INFOPLIST_FILE = Todo/Info.plist;
				LD_RUNPATH_SEARCH_PATHS = (
					"$(inherited)",
					"@executable_path/Frameworks",
				);
				PRODUCT_BUNDLE_IDENTIFIER = edu.monash.Todo;
				PRODUCT_NAME = "$(TARGET_NAME)";
				SWIFT_VERSION = 5.0;
				TARGETED_DEVICE_FAMILY = "1,2";
			};
			name = Debug;
		};
		A6EF708024ED2AE500E373C4 /* Release */ = {
			isa = XCBuildConfiguration;
			buildSettings = {
				ASSETCATALOG_COMPILER_APPICON_NAME = AppIcon;
				CODE_SIGN_STYLE = Automatic;
				DEVELOPMENT_TEAM = 2B9H3895JF;
				INFOPLIST_FILE = Todo/Info.plist;
				LD_RUNPATH_SEARCH_PATHS = (
					"$(inherited)",
					"@executable_path/Frameworks",
				);
				PRODUCT_BUNDLE_IDENTIFIER = edu.monash.Todo;
				PRODUCT_NAME = "$(TARGET_NAME)";
				SWIFT_VERSION = 5.0;
				TARGETED_DEVICE_FAMILY = "1,2";
			};
			name = Release;
		};
/* End XCBuildConfiguration section */

/* Begin XCConfigurationList section */
		A6EF706524ED2ADC00E373C4 /* Build configuration list for PBXProject "Todo" */ = {
			isa = XCConfigurationList;
			buildConfigurations = (
				A6EF707C24ED2AE500E373C4 /* Debug */,
				A6EF707D24ED2AE500E373C4 /* Release */,
			);
			defaultConfigurationIsVisible = 0;
			defaultConfigurationName = Release;
		};
		A6EF707E24ED2AE500E373C4 /* Build configuration list for PBXNativeTarget "Todo" */ = {
			isa = XCConfigurationList;
			buildConfigurations = (
				A6EF707F24ED2AE500E373C4 /* Debug */,
				A6EF708024ED2AE500E373C4 /* Release */,
			);
			defaultConfigurationIsVisible = 0;
			defaultConfigurationName = Release;
		};
/* End XCConfigurationList section */
	};
	rootObject = A6EF706224ED2ADC00E373C4 /* Project object */;
}
